
Microsoft Visual Studio Solution File, Format Version 12.00
# Visual Studio 2015
Project("{FAE04EC0-301F-11D3-BF4B-00C04F79EFBC}") = "vrproject.CSharp", "vrproject.CSharp.csproj", "{C3B99C4C-EF40-E8FA-BA9B-4815166C0249}"
EndProject
Project("{FAE04EC0-301F-11D3-BF4B-00C04F79EFBC}") = "vrproject.CSharp.Editor", "vrproject.CSharp.Editor.csproj", "{F51F4AE6-4D16-719A-023E-029DA0A21555}"
EndProject
Global
	GlobalSection(SolutionConfigurationPlatforms) = preSolution
		Debug|Any CPU = Debug|Any CPU
		Release|Any CPU = Release|Any CPU
	EndGlobalSection
	GlobalSection(ProjectConfigurationPlatforms) = postSolution
		{C3B99C4C-EF40-E8FA-BA9B-4815166C0249}.Debug|Any CPU.ActiveCfg = Debug|Any CPU
		{C3B99C4C-EF40-E8FA-BA9B-4815166C0249}.Debug|Any CPU.Build.0 = Debug|Any CPU
		{C3B99C4C-EF40-E8FA-BA9B-4815166C0249}.Release|Any CPU.ActiveCfg = Release|Any CPU
		{C3B99C4C-EF40-E8FA-BA9B-4815166C0249}.Release|Any CPU.Build.0 = Release|Any CPU
		{F51F4AE6-4D16-719A-023E-029DA0A21555}.Debug|Any CPU.ActiveCfg = Debug|Any CPU
		{F51F4AE6-4D16-719A-023E-029DA0A21555}.Debug|Any CPU.Build.0 = Debug|Any CPU
		{F51F4AE6-4D16-719A-023E-029DA0A21555}.Release|Any CPU.ActiveCfg = Release|Any CPU
		{F51F4AE6-4D16-719A-023E-029DA0A21555}.Release|Any CPU.Build.0 = Release|Any CPU
	EndGlobalSection
	GlobalSection(SolutionProperties) = preSolution
		HideSolutionNode = FALSE
	EndGlobalSection
EndGlobal
